
Microsoft Visual Studio Solution File, Format Version 12.00
# Visual Studio Version 17
VisualStudioVersion = 17.5.33516.290
MinimumVisualStudioVersion = 10.0.40219.1
Project("{FAE04EC0-301F-11D3-BF4B-00C04F79EFBC}") = "Lab3Math", "Lab3Math\Lab3Math.csproj", "{201534DA-6074-4A04-9B6C-463AEBA7BFB5}"
EndProject
Global
	GlobalSection(SolutionConfigurationPlatforms) = preSolution
		Debug|Any CPU = Debug|Any CPU
		Release|Any CPU = Release|Any CPU
	EndGlobalSection
	GlobalSection(ProjectConfigurationPlatforms) = postSolution
		{201534DA-6074-4A04-9B6C-463AEBA7BFB5}.Debug|Any CPU.ActiveCfg = Debug|Any CPU
		{201534DA-6074-4A04-9B6C-463AEBA7BFB5}.Debug|Any CPU.Build.0 = Debug|Any CPU
		{201534DA-6074-4A04-9B6C-463AEBA7BFB5}.Release|Any CPU.ActiveCfg = Release|Any CPU
		{201534DA-6074-4A04-9B6C-463AEBA7BFB5}.Release|Any CPU.Build.0 = Release|Any CPU
	EndGlobalSection
	GlobalSection(SolutionProperties) = preSolution
		HideSolutionNode = FALSE
	EndGlobalSection
	GlobalSection(ExtensibilityGlobals) = postSolution
		SolutionGuid = {1B63C2EE-4D80-4320-9811-B137FFA0413D}
	EndGlobalSection
EndGlobal
